
Microsoft Visual Studio Solution File, Format Version 12.00
# Visual Studio 14
VisualStudioVersion = 14.0.25420.1
MinimumVisualStudioVersion = 10.0.40219.1
Project("{FAE04EC0-301F-11D3-BF4B-00C04F79EFBC}") = "OslerAlumni.Mvc", "OslerAlumni.Mvc\OslerAlumni.Mvc.csproj", "{C5C36E7A-BB57-4978-90E0-BBD6F71F7BFC}"
	ProjectSection(ProjectDependencies) = postProject
		{552CA81D-2699-40BF-AFD3-0E27C50992AF} = {552CA81D-2699-40BF-AFD3-0E27C50992AF}
	EndProjectSection
EndProject
Project("{2150E333-8FDC-42A3-9474-1A3956D46DE8}") = "Solution Items", "Solution Items", "{152262B0-6C7C-4D73-B465-700B1494136B}"
	ProjectSection(SolutionItems) = preProject
		..\README.md = ..\README.md
	EndProjectSection
EndProject
Project("{2150E333-8FDC-42A3-9474-1A3956D46DE8}") = "Shared", "Shared", "{80CC416F-3988-4D32-9E6B-F0590D45E028}"
EndProject
Project("{FAE04EC0-301F-11D3-BF4B-00C04F79EFBC}") = "OslerAlumni.Core", "..\SharedEcaLib\OslerAlumni.Core\OslerAlumni.Core.csproj", "{552CA81D-2699-40BF-AFD3-0E27C50992AF}"
EndProject
Project("{2150E333-8FDC-42A3-9474-1A3956D46DE8}") = "Tests", "Tests", "{0607BC5D-147A-486D-8212-A144F6E703FF}"
EndProject
Project("{FAE04EC0-301F-11D3-BF4B-00C04F79EFBC}") = "OslerAlumni.Core.Tests", "..\SharedEcaLib\OslerAlumni.Core.Tests\OslerAlumni.Core.Tests.csproj", "{9C8E5105-501E-4E43-9659-DB578F711404}"
EndProject
Project("{FAE04EC0-301F-11D3-BF4B-00C04F79EFBC}") = "OslerAlumni.Mvc.Core", "EcaLib\OslerAlumni.Mvc.Core\OslerAlumni.Mvc.Core.csproj", "{CC60EB9B-1B27-4E70-9039-0435DD00CD24}"
EndProject
Project("{FAE04EC0-301F-11D3-BF4B-00C04F79EFBC}") = "OslerAlumni.Mvc.Tests", "OslerAlumni.Mvc.Tests\OslerAlumni.Mvc.Tests.csproj", "{18419759-F14A-4ADB-B696-48A30173C93E}"
EndProject
Project("{FAE04EC0-301F-11D3-BF4B-00C04F79EFBC}") = "OslerAlumni.Mvc.Api", "EcaLib\OslerAlumni.Mvc.Api\OslerAlumni.Mvc.Api.csproj", "{EC584473-CACA-4C46-BCA8-1A6F290E5EB9}"
EndProject
Project("{FAE04EC0-301F-11D3-BF4B-00C04F79EFBC}") = "OslerAlumni.OnePlace", "..\SharedEcaLib\OslerAlumni.OnePlace\OslerAlumni.OnePlace.csproj", "{7E3F0A0E-4537-4B8E-A737-6B48F7BC5D44}"
EndProject
Global
	GlobalSection(SolutionConfigurationPlatforms) = preSolution
		Debug|Any CPU = Debug|Any CPU
		Release|Any CPU = Release|Any CPU
	EndGlobalSection
	GlobalSection(ProjectConfigurationPlatforms) = postSolution
		{C5C36E7A-BB57-4978-90E0-BBD6F71F7BFC}.Debug|Any CPU.ActiveCfg = Debug|Any CPU
		{C5C36E7A-BB57-4978-90E0-BBD6F71F7BFC}.Debug|Any CPU.Build.0 = Debug|Any CPU
		{C5C36E7A-BB57-4978-90E0-BBD6F71F7BFC}.Release|Any CPU.ActiveCfg = Release|Any CPU
		{C5C36E7A-BB57-4978-90E0-BBD6F71F7BFC}.Release|Any CPU.Build.0 = Release|Any CPU
		{552CA81D-2699-40BF-AFD3-0E27C50992AF}.Debug|Any CPU.ActiveCfg = Debug|Any CPU
		{552CA81D-2699-40BF-AFD3-0E27C50992AF}.Debug|Any CPU.Build.0 = Debug|Any CPU
		{552CA81D-2699-40BF-AFD3-0E27C50992AF}.Release|Any CPU.ActiveCfg = Release|Any CPU
		{552CA81D-2699-40BF-AFD3-0E27C50992AF}.Release|Any CPU.Build.0 = Release|Any CPU
		{9C8E5105-501E-4E43-9659-DB578F711404}.Debug|Any CPU.ActiveCfg = Debug|Any CPU
		{9C8E5105-501E-4E43-9659-DB578F711404}.Debug|Any CPU.Build.0 = Debug|Any CPU
		{9C8E5105-501E-4E43-9659-DB578F711404}.Release|Any CPU.ActiveCfg = Release|Any CPU
		{9C8E5105-501E-4E43-9659-DB578F711404}.Release|Any CPU.Build.0 = Release|Any CPU
		{CC60EB9B-1B27-4E70-9039-0435DD00CD24}.Debug|Any CPU.ActiveCfg = Debug|Any CPU
		{CC60EB9B-1B27-4E70-9039-0435DD00CD24}.Debug|Any CPU.Build.0 = Debug|Any CPU
		{CC60EB9B-1B27-4E70-9039-0435DD00CD24}.Release|Any CPU.ActiveCfg = Release|Any CPU
		{CC60EB9B-1B27-4E70-9039-0435DD00CD24}.Release|Any CPU.Build.0 = Release|Any CPU
		{18419759-F14A-4ADB-B696-48A30173C93E}.Debug|Any CPU.ActiveCfg = Debug|Any CPU
		{18419759-F14A-4ADB-B696-48A30173C93E}.Debug|Any CPU.Build.0 = Debug|Any CPU
		{18419759-F14A-4ADB-B696-48A30173C93E}.Release|Any CPU.ActiveCfg = Release|Any CPU
		{18419759-F14A-4ADB-B696-48A30173C93E}.Release|Any CPU.Build.0 = Release|Any CPU
		{EC584473-CACA-4C46-BCA8-1A6F290E5EB9}.Debug|Any CPU.ActiveCfg = Debug|Any CPU
		{EC584473-CACA-4C46-BCA8-1A6F290E5EB9}.Debug|Any CPU.Build.0 = Debug|Any CPU
		{EC584473-CACA-4C46-BCA8-1A6F290E5EB9}.Release|Any CPU.ActiveCfg = Release|Any CPU
		{EC584473-CACA-4C46-BCA8-1A6F290E5EB9}.Release|Any CPU.Build.0 = Release|Any CPU
		{7E3F0A0E-4537-4B8E-A737-6B48F7BC5D44}.Debug|Any CPU.ActiveCfg = Debug|Any CPU
		{7E3F0A0E-4537-4B8E-A737-6B48F7BC5D44}.Debug|Any CPU.Build.0 = Debug|Any CPU
		{7E3F0A0E-4537-4B8E-A737-6B48F7BC5D44}.Release|Any CPU.ActiveCfg = Release|Any CPU
		{7E3F0A0E-4537-4B8E-A737-6B48F7BC5D44}.Release|Any CPU.Build.0 = Release|Any CPU
	EndGlobalSection
	GlobalSection(SolutionProperties) = preSolution
		HideSolutionNode = FALSE
	EndGlobalSection
	GlobalSection(NestedProjects) = preSolution
		{552CA81D-2699-40BF-AFD3-0E27C50992AF} = {80CC416F-3988-4D32-9E6B-F0590D45E028}
		{9C8E5105-501E-4E43-9659-DB578F711404} = {0607BC5D-147A-486D-8212-A144F6E703FF}
		{18419759-F14A-4ADB-B696-48A30173C93E} = {0607BC5D-147A-486D-8212-A144F6E703FF}
		{7E3F0A0E-4537-4B8E-A737-6B48F7BC5D44} = {80CC416F-3988-4D32-9E6B-F0590D45E028}
	EndGlobalSection
	GlobalSection(ExtensibilityGlobals) = postSolution
		SolutionGuid = {D96F279B-0B76-4E04-8DE3-4BE4350641F0}
	EndGlobalSection
EndGlobal
